// !$*UTF8*$!
{
	archiveVersion = 1;
	classes = {
	};
	objectVersion = 55;
	objects = {

/* Begin PBXBuildFile section */
		6C3A2B29287FC9A2006A8DC7 /* Section.swift in Sources */ = {isa = PBXBuildFile; fileRef = 6C3A2B28287FC9A2006A8DC7 /* Section.swift */; };
		6C3A2B2D287FC9B6006A8DC7 /* Header.swift in Sources */ = {isa = PBXBuildFile; fileRef = 6C3A2B2C287FC9B6006A8DC7 /* Header.swift */; };
		6C3A2B2F287FC9B9006A8DC7 /* Footer.swift in Sources */ = {isa = PBXBuildFile; fileRef = 6C3A2B2E287FC9B9006A8DC7 /* Footer.swift */; };
		6C3A2B31287FC9BC006A8DC7 /* Banner.swift in Sources */ = {isa = PBXBuildFile; fileRef = 6C3A2B30287FC9BC006A8DC7 /* Banner.swift */; };
		6C3A2B33287FC9C3006A8DC7 /* Goods.swift in Sources */ = {isa = PBXBuildFile; fileRef = 6C3A2B32287FC9C3006A8DC7 /* Goods.swift */; };
		6C3A2B35287FC9C7006A8DC7 /* Style.swift in Sources */ = {isa = PBXBuildFile; fileRef = 6C3A2B34287FC9C7006A8DC7 /* Style.swift */; };
		6C3A2B37287FCA28006A8DC7 /* DomainConvertable.swift in Sources */ = {isa = PBXBuildFile; fileRef = 6C3A2B36287FCA28006A8DC7 /* DomainConvertable.swift */; };
		6C3A2B3B287FD3DD006A8DC7 /* MusinsaEndPoint.swift in Sources */ = {isa = PBXBuildFile; fileRef = 6C3A2B3A287FD3DD006A8DC7 /* MusinsaEndPoint.swift */; };
		6C3A2B3D287FE25A006A8DC7 /* MainDataSource.swift in Sources */ = {isa = PBXBuildFile; fileRef = 6C3A2B3C287FE25A006A8DC7 /* MainDataSource.swift */; };
		6C3A2B3F287FEF02006A8DC7 /* CellModelable.swift in Sources */ = {isa = PBXBuildFile; fileRef = 6C3A2B3E287FEF02006A8DC7 /* CellModelable.swift */; };
		6C3A2B42287FEF35006A8DC7 /* SectionType.swift in Sources */ = {isa = PBXBuildFile; fileRef = 6C3A2B41287FEF35006A8DC7 /* SectionType.swift */; };
		6C3A2B44287FF559006A8DC7 /* Cellable.swift in Sources */ = {isa = PBXBuildFile; fileRef = 6C3A2B43287FF559006A8DC7 /* Cellable.swift */; };
		6C3A2B4628800E9F006A8DC7 /* ImageManager.swift in Sources */ = {isa = PBXBuildFile; fileRef = 6C3A2B4528800E9F006A8DC7 /* ImageManager.swift */; };
		6C3A2B4828800FE5006A8DC7 /* CacheError.swift in Sources */ = {isa = PBXBuildFile; fileRef = 6C3A2B4728800FE5006A8DC7 /* CacheError.swift */; };
		6C3A2B4D2880316E006A8DC7 /* Int+extension.swift in Sources */ = {isa = PBXBuildFile; fileRef = 6C3A2B4C2880316E006A8DC7 /* Int+extension.swift */; };
		6C3A2B5128803EEF006A8DC7 /* HeaderView.swift in Sources */ = {isa = PBXBuildFile; fileRef = 6C3A2B5028803EEF006A8DC7 /* HeaderView.swift */; };
		6C7CE921287E722900CADF95 /* AppDelegate.swift in Sources */ = {isa = PBXBuildFile; fileRef = 6C7CE920287E722900CADF95 /* AppDelegate.swift */; };
		6C7CE923287E722900CADF95 /* SceneDelegate.swift in Sources */ = {isa = PBXBuildFile; fileRef = 6C7CE922287E722900CADF95 /* SceneDelegate.swift */; };
		6C7CE925287E722900CADF95 /* MainViewController.swift in Sources */ = {isa = PBXBuildFile; fileRef = 6C7CE924287E722900CADF95 /* MainViewController.swift */; };
		6C7CE92A287E722B00CADF95 /* Assets.xcassets in Resources */ = {isa = PBXBuildFile; fileRef = 6C7CE929287E722B00CADF95 /* Assets.xcassets */; };
		6C7CE93D287E739700CADF95 /* Alamofire in Frameworks */ = {isa = PBXBuildFile; productRef = 6C7CE93C287E739700CADF95 /* Alamofire */; };
		6C7CE940287E73A400CADF95 /* SnapKit in Frameworks */ = {isa = PBXBuildFile; productRef = 6C7CE93F287E73A400CADF95 /* SnapKit */; };
		6C7CE94D287E827C00CADF95 /* NetworkManager.swift in Sources */ = {isa = PBXBuildFile; fileRef = 6C7CE94C287E827C00CADF95 /* NetworkManager.swift */; };
		6C7CE951287E82D400CADF95 /* Requestable.swift in Sources */ = {isa = PBXBuildFile; fileRef = 6C7CE950287E82D400CADF95 /* Requestable.swift */; };
		6C7CE953287E831700CADF95 /* NetworkError.swift in Sources */ = {isa = PBXBuildFile; fileRef = 6C7CE952287E831700CADF95 /* NetworkError.swift */; };
		6C7CE955287E854C00CADF95 /* BannerEntity.swift in Sources */ = {isa = PBXBuildFile; fileRef = 6C7CE954287E854C00CADF95 /* BannerEntity.swift */; };
		6C7CE958287E8CCE00CADF95 /* ProductsEntity.swift in Sources */ = {isa = PBXBuildFile; fileRef = 6C7CE957287E8CCE00CADF95 /* ProductsEntity.swift */; };
		6C7CE95A287E8CE000CADF95 /* SectionEntity.swift in Sources */ = {isa = PBXBuildFile; fileRef = 6C7CE959287E8CE000CADF95 /* SectionEntity.swift */; };
		6C7CE95C287E8D0300CADF95 /* HeaderEntity.swift in Sources */ = {isa = PBXBuildFile; fileRef = 6C7CE95B287E8D0300CADF95 /* HeaderEntity.swift */; };
		6C7CE95E287E8D2000CADF95 /* FooterEntity.swift in Sources */ = {isa = PBXBuildFile; fileRef = 6C7CE95D287E8D2000CADF95 /* FooterEntity.swift */; };
		6C7CE960287E8D2E00CADF95 /* ContentsEntity.swift in Sources */ = {isa = PBXBuildFile; fileRef = 6C7CE95F287E8D2E00CADF95 /* ContentsEntity.swift */; };
		6C7CE962287E8D3D00CADF95 /* StyleEntity.swift in Sources */ = {isa = PBXBuildFile; fileRef = 6C7CE961287E8D3D00CADF95 /* StyleEntity.swift */; };
		6C7CE964287E8D5000CADF95 /* GoodsEntity.swift in Sources */ = {isa = PBXBuildFile; fileRef = 6C7CE963287E8D5000CADF95 /* GoodsEntity.swift */; };
		6C7CE969287E8F5400CADF95 /* UIColor+extension.swift in Sources */ = {isa = PBXBuildFile; fileRef = 6C7CE968287E8F5400CADF95 /* UIColor+extension.swift */; };
		6C7CE96B287E903300CADF95 /* UIFont+extension.swift in Sources */ = {isa = PBXBuildFile; fileRef = 6C7CE96A287E903300CADF95 /* UIFont+extension.swift */; };
		6C7CE96F287E919A00CADF95 /* SF-Pro-Display-Bold.otf in Resources */ = {isa = PBXBuildFile; fileRef = 6C7CE96C287E919A00CADF95 /* SF-Pro-Display-Bold.otf */; };
		6C7CE970287E919A00CADF95 /* SF-Pro-Display-Regular.otf in Resources */ = {isa = PBXBuildFile; fileRef = 6C7CE96D287E919A00CADF95 /* SF-Pro-Display-Regular.otf */; };
		6C7CE971287E919A00CADF95 /* SF-Pro-Display-Semibold.otf in Resources */ = {isa = PBXBuildFile; fileRef = 6C7CE96E287E919A00CADF95 /* SF-Pro-Display-Semibold.otf */; };
		6C7CE979287E9DA900CADF95 /* GoodsCell.swift in Sources */ = {isa = PBXBuildFile; fileRef = 6C7CE978287E9DA900CADF95 /* GoodsCell.swift */; };
		6C7CE97B287EA19900CADF95 /* UILabel+extension.swift in Sources */ = {isa = PBXBuildFile; fileRef = 6C7CE97A287EA19900CADF95 /* UILabel+extension.swift */; };
		6C7CE97F287EAFE700CADF95 /* BannerCell.swift in Sources */ = {isa = PBXBuildFile; fileRef = 6C7CE97E287EAFE700CADF95 /* BannerCell.swift */; };
		6C7CE981287EBC8A00CADF95 /* StyleCell.swift in Sources */ = {isa = PBXBuildFile; fileRef = 6C7CE980287EBC8A00CADF95 /* StyleCell.swift */; };
		6CAA49942882ABFE0025D125 /* PaddingLabel.swift in Sources */ = {isa = PBXBuildFile; fileRef = 6CAA49932882ABFE0025D125 /* PaddingLabel.swift */; };
		6CAA49962882AC460025D125 /* FooterView.swift in Sources */ = {isa = PBXBuildFile; fileRef = 6CAA49952882AC460025D125 /* FooterView.swift */; };
		6CAA49982882BF910025D125 /* BannerPageView.swift in Sources */ = {isa = PBXBuildFile; fileRef = 6CAA49972882BF910025D125 /* BannerPageView.swift */; };
		6CAA499A2882C8570025D125 /* UICollectionView+extension.swift in Sources */ = {isa = PBXBuildFile; fileRef = 6CAA49992882C8570025D125 /* UICollectionView+extension.swift */; };
		6CAA499C2882C8EC0025D125 /* CustomObservable.swift in Sources */ = {isa = PBXBuildFile; fileRef = 6CAA499B2882C8EC0025D125 /* CustomObservable.swift */; };
		6CAA49A22882CA9A0025D125 /* GridSectionDataSource.swift in Sources */ = {isa = PBXBuildFile; fileRef = 6CAA49A12882CA9A0025D125 /* GridSectionDataSource.swift */; };
		6CAA49A42882D23C0025D125 /* Contents.swift in Sources */ = {isa = PBXBuildFile; fileRef = 6CAA49A32882D23C0025D125 /* Contents.swift */; };
		6CAA49A62882D9030025D125 /* ScrollDataSource.swift in Sources */ = {isa = PBXBuildFile; fileRef = 6CAA49A52882D9030025D125 /* ScrollDataSource.swift */; };
		6CAA49A82882D9920025D125 /* BannerDataSource.swift in Sources */ = {isa = PBXBuildFile; fileRef = 6CAA49A72882D9920025D125 /* BannerDataSource.swift */; };
		6CAA49AA2882DA170025D125 /* StyleDataSource.swift in Sources */ = {isa = PBXBuildFile; fileRef = 6CAA49A92882DA170025D125 /* StyleDataSource.swift */; };
		6CAA49B12882EC4A0025D125 /* MainViewModel.swift in Sources */ = {isa = PBXBuildFile; fileRef = 6CAA49B02882EC4A0025D125 /* MainViewModel.swift */; };
		6CAA49B328830AE80025D125 /* SubDataSource.swift in Sources */ = {isa = PBXBuildFile; fileRef = 6CAA49B228830AE80025D125 /* SubDataSource.swift */; };
/* End PBXBuildFile section */

/* Begin PBXFileReference section */
		6C3A2B28287FC9A2006A8DC7 /* Section.swift */ = {isa = PBXFileReference; lastKnownFileType = sourcecode.swift; path = Section.swift; sourceTree = "<group>"; };
		6C3A2B2C287FC9B6006A8DC7 /* Header.swift */ = {isa = PBXFileReference; lastKnownFileType = sourcecode.swift; path = Header.swift; sourceTree = "<group>"; };
		6C3A2B2E287FC9B9006A8DC7 /* Footer.swift */ = {isa = PBXFileReference; lastKnownFileType = sourcecode.swift; path = Footer.swift; sourceTree = "<group>"; };
		6C3A2B30287FC9BC006A8DC7 /* Banner.swift */ = {isa = PBXFileReference; lastKnownFileType = sourcecode.swift; path = Banner.swift; sourceTree = "<group>"; };
		6C3A2B32287FC9C3006A8DC7 /* Goods.swift */ = {isa = PBXFileReference; lastKnownFileType = sourcecode.swift; path = Goods.swift; sourceTree = "<group>"; };
		6C3A2B34287FC9C7006A8DC7 /* Style.swift */ = {isa = PBXFileReference; lastKnownFileType = sourcecode.swift; path = Style.swift; sourceTree = "<group>"; };
		6C3A2B36287FCA28006A8DC7 /* DomainConvertable.swift */ = {isa = PBXFileReference; lastKnownFileType = sourcecode.swift; path = DomainConvertable.swift; sourceTree = "<group>"; };
		6C3A2B3A287FD3DD006A8DC7 /* MusinsaEndPoint.swift */ = {isa = PBXFileReference; lastKnownFileType = sourcecode.swift; path = MusinsaEndPoint.swift; sourceTree = "<group>"; };
		6C3A2B3C287FE25A006A8DC7 /* MainDataSource.swift */ = {isa = PBXFileReference; lastKnownFileType = sourcecode.swift; path = MainDataSource.swift; sourceTree = "<group>"; };
		6C3A2B3E287FEF02006A8DC7 /* CellModelable.swift */ = {isa = PBXFileReference; lastKnownFileType = sourcecode.swift; path = CellModelable.swift; sourceTree = "<group>"; };
		6C3A2B41287FEF35006A8DC7 /* SectionType.swift */ = {isa = PBXFileReference; lastKnownFileType = sourcecode.swift; path = SectionType.swift; sourceTree = "<group>"; };
		6C3A2B43287FF559006A8DC7 /* Cellable.swift */ = {isa = PBXFileReference; lastKnownFileType = sourcecode.swift; path = Cellable.swift; sourceTree = "<group>"; };
		6C3A2B4528800E9F006A8DC7 /* ImageManager.swift */ = {isa = PBXFileReference; lastKnownFileType = sourcecode.swift; path = ImageManager.swift; sourceTree = "<group>"; };
		6C3A2B4728800FE5006A8DC7 /* CacheError.swift */ = {isa = PBXFileReference; lastKnownFileType = sourcecode.swift; path = CacheError.swift; sourceTree = "<group>"; };
		6C3A2B4C2880316E006A8DC7 /* Int+extension.swift */ = {isa = PBXFileReference; lastKnownFileType = sourcecode.swift; path = "Int+extension.swift"; sourceTree = "<group>"; };
		6C3A2B5028803EEF006A8DC7 /* HeaderView.swift */ = {isa = PBXFileReference; lastKnownFileType = sourcecode.swift; name = HeaderView.swift; path = musinsa/Source/Present/Common/HeaderView.swift; sourceTree = SOURCE_ROOT; };
		6C7CE91D287E722900CADF95 /* musinsa.app */ = {isa = PBXFileReference; explicitFileType = wrapper.application; includeInIndex = 0; path = musinsa.app; sourceTree = BUILT_PRODUCTS_DIR; };
		6C7CE920287E722900CADF95 /* AppDelegate.swift */ = {isa = PBXFileReference; lastKnownFileType = sourcecode.swift; path = AppDelegate.swift; sourceTree = "<group>"; };
		6C7CE922287E722900CADF95 /* SceneDelegate.swift */ = {isa = PBXFileReference; lastKnownFileType = sourcecode.swift; path = SceneDelegate.swift; sourceTree = "<group>"; };
		6C7CE924287E722900CADF95 /* MainViewController.swift */ = {isa = PBXFileReference; lastKnownFileType = sourcecode.swift; path = MainViewController.swift; sourceTree = "<group>"; };
		6C7CE929287E722B00CADF95 /* Assets.xcassets */ = {isa = PBXFileReference; lastKnownFileType = folder.assetcatalog; path = Assets.xcassets; sourceTree = "<group>"; };
		6C7CE92E287E722B00CADF95 /* Info.plist */ = {isa = PBXFileReference; lastKnownFileType = text.plist.xml; path = Info.plist; sourceTree = "<group>"; };
		6C7CE942287E741E00CADF95 /* .swiftlint.yml */ = {isa = PBXFileReference; lastKnownFileType = text.yaml; path = .swiftlint.yml; sourceTree = "<group>"; };
		6C7CE94C287E827C00CADF95 /* NetworkManager.swift */ = {isa = PBXFileReference; lastKnownFileType = sourcecode.swift; path = NetworkManager.swift; sourceTree = "<group>"; };
		6C7CE950287E82D400CADF95 /* Requestable.swift */ = {isa = PBXFileReference; lastKnownFileType = sourcecode.swift; path = Requestable.swift; sourceTree = "<group>"; };
		6C7CE952287E831700CADF95 /* NetworkError.swift */ = {isa = PBXFileReference; lastKnownFileType = sourcecode.swift; path = NetworkError.swift; sourceTree = "<group>"; };
		6C7CE954287E854C00CADF95 /* BannerEntity.swift */ = {isa = PBXFileReference; lastKnownFileType = sourcecode.swift; path = BannerEntity.swift; sourceTree = "<group>"; };
		6C7CE957287E8CCE00CADF95 /* ProductsEntity.swift */ = {isa = PBXFileReference; lastKnownFileType = sourcecode.swift; path = ProductsEntity.swift; sourceTree = "<group>"; };
		6C7CE959287E8CE000CADF95 /* SectionEntity.swift */ = {isa = PBXFileReference; lastKnownFileType = sourcecode.swift; path = SectionEntity.swift; sourceTree = "<group>"; };
		6C7CE95B287E8D0300CADF95 /* HeaderEntity.swift */ = {isa = PBXFileReference; lastKnownFileType = sourcecode.swift; path = HeaderEntity.swift; sourceTree = "<group>"; };
		6C7CE95D287E8D2000CADF95 /* FooterEntity.swift */ = {isa = PBXFileReference; lastKnownFileType = sourcecode.swift; path = FooterEntity.swift; sourceTree = "<group>"; };
		6C7CE95F287E8D2E00CADF95 /* ContentsEntity.swift */ = {isa = PBXFileReference; lastKnownFileType = sourcecode.swift; path = ContentsEntity.swift; sourceTree = "<group>"; };
		6C7CE961287E8D3D00CADF95 /* StyleEntity.swift */ = {isa = PBXFileReference; lastKnownFileType = sourcecode.swift; path = StyleEntity.swift; sourceTree = "<group>"; };
		6C7CE963287E8D5000CADF95 /* GoodsEntity.swift */ = {isa = PBXFileReference; lastKnownFileType = sourcecode.swift; path = GoodsEntity.swift; sourceTree = "<group>"; };
		6C7CE968287E8F5400CADF95 /* UIColor+extension.swift */ = {isa = PBXFileReference; lastKnownFileType = sourcecode.swift; path = "UIColor+extension.swift"; sourceTree = "<group>"; };
		6C7CE96A287E903300CADF95 /* UIFont+extension.swift */ = {isa = PBXFileReference; lastKnownFileType = sourcecode.swift; path = "UIFont+extension.swift"; sourceTree = "<group>"; };
		6C7CE96C287E919A00CADF95 /* SF-Pro-Display-Bold.otf */ = {isa = PBXFileReference; lastKnownFileType = file; path = "SF-Pro-Display-Bold.otf"; sourceTree = "<group>"; };
		6C7CE96D287E919A00CADF95 /* SF-Pro-Display-Regular.otf */ = {isa = PBXFileReference; lastKnownFileType = file; path = "SF-Pro-Display-Regular.otf"; sourceTree = "<group>"; };
		6C7CE96E287E919A00CADF95 /* SF-Pro-Display-Semibold.otf */ = {isa = PBXFileReference; lastKnownFileType = file; path = "SF-Pro-Display-Semibold.otf"; sourceTree = "<group>"; };
		6C7CE978287E9DA900CADF95 /* GoodsCell.swift */ = {isa = PBXFileReference; lastKnownFileType = sourcecode.swift; path = GoodsCell.swift; sourceTree = "<group>"; };
		6C7CE97A287EA19900CADF95 /* UILabel+extension.swift */ = {isa = PBXFileReference; lastKnownFileType = sourcecode.swift; path = "UILabel+extension.swift"; sourceTree = "<group>"; };
		6C7CE97E287EAFE700CADF95 /* BannerCell.swift */ = {isa = PBXFileReference; lastKnownFileType = sourcecode.swift; path = BannerCell.swift; sourceTree = "<group>"; };
		6C7CE980287EBC8A00CADF95 /* StyleCell.swift */ = {isa = PBXFileReference; lastKnownFileType = sourcecode.swift; path = StyleCell.swift; sourceTree = "<group>"; };
		6CAA49932882ABFE0025D125 /* PaddingLabel.swift */ = {isa = PBXFileReference; lastKnownFileType = sourcecode.swift; path = PaddingLabel.swift; sourceTree = "<group>"; };
		6CAA49952882AC460025D125 /* FooterView.swift */ = {isa = PBXFileReference; lastKnownFileType = sourcecode.swift; path = FooterView.swift; sourceTree = "<group>"; };
		6CAA49972882BF910025D125 /* BannerPageView.swift */ = {isa = PBXFileReference; lastKnownFileType = sourcecode.swift; path = BannerPageView.swift; sourceTree = "<group>"; };
		6CAA49992882C8570025D125 /* UICollectionView+extension.swift */ = {isa = PBXFileReference; lastKnownFileType = sourcecode.swift; path = "UICollectionView+extension.swift"; sourceTree = "<group>"; };
		6CAA499B2882C8EC0025D125 /* CustomObservable.swift */ = {isa = PBXFileReference; lastKnownFileType = sourcecode.swift; path = CustomObservable.swift; sourceTree = "<group>"; };
		6CAA49A12882CA9A0025D125 /* GridSectionDataSource.swift */ = {isa = PBXFileReference; lastKnownFileType = sourcecode.swift; path = GridSectionDataSource.swift; sourceTree = "<group>"; };
		6CAA49A32882D23C0025D125 /* Contents.swift */ = {isa = PBXFileReference; lastKnownFileType = sourcecode.swift; path = Contents.swift; sourceTree = "<group>"; };
		6CAA49A52882D9030025D125 /* ScrollDataSource.swift */ = {isa = PBXFileReference; lastKnownFileType = sourcecode.swift; path = ScrollDataSource.swift; sourceTree = "<group>"; };
		6CAA49A72882D9920025D125 /* BannerDataSource.swift */ = {isa = PBXFileReference; lastKnownFileType = sourcecode.swift; path = BannerDataSource.swift; sourceTree = "<group>"; };
		6CAA49A92882DA170025D125 /* StyleDataSource.swift */ = {isa = PBXFileReference; lastKnownFileType = sourcecode.swift; path = StyleDataSource.swift; sourceTree = "<group>"; };
		6CAA49B02882EC4A0025D125 /* MainViewModel.swift */ = {isa = PBXFileReference; lastKnownFileType = sourcecode.swift; path = MainViewModel.swift; sourceTree = "<group>"; };
		6CAA49B228830AE80025D125 /* SubDataSource.swift */ = {isa = PBXFileReference; lastKnownFileType = sourcecode.swift; path = SubDataSource.swift; sourceTree = "<group>"; };
/* End PBXFileReference section */

/* Begin PBXFrameworksBuildPhase section */
		6C7CE91A287E722900CADF95 /* Frameworks */ = {
			isa = PBXFrameworksBuildPhase;
			buildActionMask = 2147483647;
			files = (
				6C7CE93D287E739700CADF95 /* Alamofire in Frameworks */,
				6C7CE940287E73A400CADF95 /* SnapKit in Frameworks */,
			);
			runOnlyForDeploymentPostprocessing = 0;
		};
/* End PBXFrameworksBuildPhase section */

/* Begin PBXGroup section */
		6C3A2B40287FEF2E006A8DC7 /* Support */ = {
			isa = PBXGroup;
			children = (
				6C3A2B41287FEF35006A8DC7 /* SectionType.swift */,
			);
			path = Support;
			sourceTree = "<group>";
		};
		6C3A2B49288026B7006A8DC7 /* Common */ = {
			isa = PBXGroup;
			children = (
				6C3A2B5028803EEF006A8DC7 /* HeaderView.swift */,
				6CAA49932882ABFE0025D125 /* PaddingLabel.swift */,
				6CAA49952882AC460025D125 /* FooterView.swift */,
				6CAA49972882BF910025D125 /* BannerPageView.swift */,
			);
			path = Common;
			sourceTree = "<group>";
		};
		6C7CE914287E722900CADF95 = {
			isa = PBXGroup;
			children = (
				6C7CE942287E741E00CADF95 /* .swiftlint.yml */,
				6C7CE91F287E722900CADF95 /* musinsa */,
				6C7CE91E287E722900CADF95 /* Products */,
			);
			sourceTree = "<group>";
		};
		6C7CE91E287E722900CADF95 /* Products */ = {
			isa = PBXGroup;
			children = (
				6C7CE91D287E722900CADF95 /* musinsa.app */,
			);
			name = Products;
			sourceTree = "<group>";
		};
		6C7CE91F287E722900CADF95 /* musinsa */ = {
			isa = PBXGroup;
			children = (
				6C7CE935287E72DD00CADF95 /* Resource */,
				6C7CE934287E72D800CADF95 /* Source */,
				6C7CE929287E722B00CADF95 /* Assets.xcassets */,
				6C7CE92E287E722B00CADF95 /* Info.plist */,
			);
			path = musinsa;
			sourceTree = "<group>";
		};
		6C7CE934287E72D800CADF95 /* Source */ = {
			isa = PBXGroup;
			children = (
				6CAA499D2882C9150025D125 /* Support */,
				6C7CE967287E8F2A00CADF95 /* Extension */,
				6C7CE936287E72F100CADF95 /* LifeCycle */,
				6C7CE93A287E731100CADF95 /* Present */,
				6C7CE939287E730B00CADF95 /* Model */,
			);
			path = Source;
			sourceTree = "<group>";
		};
		6C7CE935287E72DD00CADF95 /* Resource */ = {
			isa = PBXGroup;
			children = (
				6C7CE96C287E919A00CADF95 /* SF-Pro-Display-Bold.otf */,
				6C7CE96D287E919A00CADF95 /* SF-Pro-Display-Regular.otf */,
				6C7CE96E287E919A00CADF95 /* SF-Pro-Display-Semibold.otf */,
			);
			path = Resource;
			sourceTree = "<group>";
		};
		6C7CE936287E72F100CADF95 /* LifeCycle */ = {
			isa = PBXGroup;
			children = (
				6C7CE920287E722900CADF95 /* AppDelegate.swift */,
				6C7CE922287E722900CADF95 /* SceneDelegate.swift */,
			);
			path = LifeCycle;
			sourceTree = "<group>";
		};
		6C7CE939287E730B00CADF95 /* Model */ = {
			isa = PBXGroup;
			children = (
				6C3A2B40287FEF2E006A8DC7 /* Support */,
				6C7CE982287EC08E00CADF95 /* Domain */,
				6C7CE956287E8CAE00CADF95 /* Entity */,
				6C7CE943287E745900CADF95 /* Repository */,
				6C7CE94E287E828800CADF95 /* API */,
			);
			name = Model;
			path = LifeCycle;
			sourceTree = "<group>";
		};
		6C7CE93A287E731100CADF95 /* Present */ = {
			isa = PBXGroup;
			children = (
				6CAA49AC2882E4470025D125 /* DataSource */,
				6CAA499E2882CA4B0025D125 /* ViewModel */,
				6C3A2B49288026B7006A8DC7 /* Common */,
				6C7CE977287E9D8800CADF95 /* Cell */,
				6C7CE924287E722900CADF95 /* MainViewController.swift */,
			);
			path = Present;
			sourceTree = "<group>";
		};
		6C7CE943287E745900CADF95 /* Repository */ = {
			isa = PBXGroup;
			children = (
				6C7CE94C287E827C00CADF95 /* NetworkManager.swift */,
				6C3A2B4528800E9F006A8DC7 /* ImageManager.swift */,
			);
			path = Repository;
			sourceTree = "<group>";
		};
		6C7CE94E287E828800CADF95 /* API */ = {
			isa = PBXGroup;
			children = (
				6C3A2B4728800FE5006A8DC7 /* CacheError.swift */,
				6C7CE952287E831700CADF95 /* NetworkError.swift */,
				6C7CE94F287E82C900CADF95 /* EndPoint */,
			);
			path = API;
			sourceTree = "<group>";
		};
		6C7CE94F287E82C900CADF95 /* EndPoint */ = {
			isa = PBXGroup;
			children = (
				6C7CE950287E82D400CADF95 /* Requestable.swift */,
				6C3A2B3A287FD3DD006A8DC7 /* MusinsaEndPoint.swift */,
			);
			path = EndPoint;
			sourceTree = "<group>";
		};
		6C7CE956287E8CAE00CADF95 /* Entity */ = {
			isa = PBXGroup;
			children = (
				6C3A2B36287FCA28006A8DC7 /* DomainConvertable.swift */,
				6C7CE957287E8CCE00CADF95 /* ProductsEntity.swift */,
				6C7CE959287E8CE000CADF95 /* SectionEntity.swift */,
				6C7CE95F287E8D2E00CADF95 /* ContentsEntity.swift */,
				6C7CE95B287E8D0300CADF95 /* HeaderEntity.swift */,
				6C7CE95D287E8D2000CADF95 /* FooterEntity.swift */,
				6C7CE954287E854C00CADF95 /* BannerEntity.swift */,
				6C7CE963287E8D5000CADF95 /* GoodsEntity.swift */,
				6C7CE961287E8D3D00CADF95 /* StyleEntity.swift */,
			);
			path = Entity;
			sourceTree = "<group>";
		};
		6C7CE967287E8F2A00CADF95 /* Extension */ = {
			isa = PBXGroup;
			children = (
				6C7CE968287E8F5400CADF95 /* UIColor+extension.swift */,
				6C7CE96A287E903300CADF95 /* UIFont+extension.swift */,
				6C7CE97A287EA19900CADF95 /* UILabel+extension.swift */,
				6C3A2B4C2880316E006A8DC7 /* Int+extension.swift */,
				6CAA49992882C8570025D125 /* UICollectionView+extension.swift */,
			);
			path = Extension;
			sourceTree = "<group>";
		};
		6C7CE977287E9D8800CADF95 /* Cell */ = {
			isa = PBXGroup;
			children = (
				6C7CE978287E9DA900CADF95 /* GoodsCell.swift */,
				6C7CE97E287EAFE700CADF95 /* BannerCell.swift */,
				6C7CE980287EBC8A00CADF95 /* StyleCell.swift */,
				6C3A2B43287FF559006A8DC7 /* Cellable.swift */,
			);
			path = Cell;
			sourceTree = "<group>";
		};
		6C7CE982287EC08E00CADF95 /* Domain */ = {
			isa = PBXGroup;
			children = (
				6C3A2B3E287FEF02006A8DC7 /* CellModelable.swift */,
				6C3A2B28287FC9A2006A8DC7 /* Section.swift */,
				6CAA49A32882D23C0025D125 /* Contents.swift */,
				6C3A2B2C287FC9B6006A8DC7 /* Header.swift */,
				6C3A2B2E287FC9B9006A8DC7 /* Footer.swift */,
				6C3A2B30287FC9BC006A8DC7 /* Banner.swift */,
				6C3A2B32287FC9C3006A8DC7 /* Goods.swift */,
				6C3A2B34287FC9C7006A8DC7 /* Style.swift */,
			);
			path = Domain;
			sourceTree = "<group>";
		};
		6CAA499D2882C9150025D125 /* Support */ = {
			isa = PBXGroup;
			children = (
				6CAA499B2882C8EC0025D125 /* CustomObservable.swift */,
			);
			path = Support;
			sourceTree = "<group>";
		};
		6CAA499E2882CA4B0025D125 /* ViewModel */ = {
			isa = PBXGroup;
			children = (
				6CAA49B02882EC4A0025D125 /* MainViewModel.swift */,
			);
			path = ViewModel;
			sourceTree = "<group>";
		};
		6CAA49AC2882E4470025D125 /* DataSource */ = {
			isa = PBXGroup;
			children = (
				6CAA49B228830AE80025D125 /* SubDataSource.swift */,
				6C3A2B3C287FE25A006A8DC7 /* MainDataSource.swift */,
				6CAA49A72882D9920025D125 /* BannerDataSource.swift */,
				6CAA49A12882CA9A0025D125 /* GridSectionDataSource.swift */,
				6CAA49A52882D9030025D125 /* ScrollDataSource.swift */,
				6CAA49A92882DA170025D125 /* StyleDataSource.swift */,
			);
			path = DataSource;
			sourceTree = "<group>";
		};
/* End PBXGroup section */

/* Begin PBXNativeTarget section */
		6C7CE91C287E722900CADF95 /* musinsa */ = {
			isa = PBXNativeTarget;
			buildConfigurationList = 6C7CE931287E722B00CADF95 /* Build configuration list for PBXNativeTarget "musinsa" */;
			buildPhases = (
				6C7CE919287E722900CADF95 /* Sources */,
				6C7CE91A287E722900CADF95 /* Frameworks */,
				6C7CE91B287E722900CADF95 /* Resources */,
				6C7CE941287E73B000CADF95 /* ShellScript */,
			);
			buildRules = (
			);
			dependencies = (
			);
			name = musinsa;
			packageProductDependencies = (
				6C7CE93C287E739700CADF95 /* Alamofire */,
				6C7CE93F287E73A400CADF95 /* SnapKit */,
			);
			productName = musinsa;
			productReference = 6C7CE91D287E722900CADF95 /* musinsa.app */;
			productType = "com.apple.product-type.application";
		};
/* End PBXNativeTarget section */

/* Begin PBXProject section */
		6C7CE915287E722900CADF95 /* Project object */ = {
			isa = PBXProject;
			attributes = {
				BuildIndependentTargetsInParallel = 1;
				LastSwiftUpdateCheck = 1340;
				LastUpgradeCheck = 1340;
				TargetAttributes = {
					6C7CE91C287E722900CADF95 = {
						CreatedOnToolsVersion = 13.4.1;
					};
				};
			};
			buildConfigurationList = 6C7CE918287E722900CADF95 /* Build configuration list for PBXProject "musinsa" */;
			compatibilityVersion = "Xcode 13.0";
			developmentRegion = en;
			hasScannedForEncodings = 0;
			knownRegions = (
				en,
				Base,
			);
			mainGroup = 6C7CE914287E722900CADF95;
			packageReferences = (
				6C7CE93B287E739700CADF95 /* XCRemoteSwiftPackageReference "Alamofire" */,
				6C7CE93E287E73A400CADF95 /* XCRemoteSwiftPackageReference "SnapKit" */,
			);
			productRefGroup = 6C7CE91E287E722900CADF95 /* Products */;
			projectDirPath = "";
			projectRoot = "";
			targets = (
				6C7CE91C287E722900CADF95 /* musinsa */,
			);
		};
/* End PBXProject section */

/* Begin PBXResourcesBuildPhase section */
		6C7CE91B287E722900CADF95 /* Resources */ = {
			isa = PBXResourcesBuildPhase;
			buildActionMask = 2147483647;
			files = (
				6C7CE971287E919A00CADF95 /* SF-Pro-Display-Semibold.otf in Resources */,
				6C7CE96F287E919A00CADF95 /* SF-Pro-Display-Bold.otf in Resources */,
				6C7CE970287E919A00CADF95 /* SF-Pro-Display-Regular.otf in Resources */,
				6C7CE92A287E722B00CADF95 /* Assets.xcassets in Resources */,
			);
			runOnlyForDeploymentPostprocessing = 0;
		};
/* End PBXResourcesBuildPhase section */

/* Begin PBXShellScriptBuildPhase section */
		6C7CE941287E73B000CADF95 /* ShellScript */ = {
			isa = PBXShellScriptBuildPhase;
			buildActionMask = 2147483647;
			files = (
			);
			inputFileListPaths = (
			);
			inputPaths = (
			);
			outputFileListPaths = (
			);
			outputPaths = (
			);
			runOnlyForDeploymentPostprocessing = 0;
			shellPath = /bin/sh;
			shellScript = "export PATH=\"$PATH:/opt/homebrew/bin\"\nif which swiftlint > /dev/null; then\n  swiftlint\nelse\n  echo \"warning: SwiftLint not installed, download from https://github.com/realm/SwiftLint\"\nfi\n";
		};
/* End PBXShellScriptBuildPhase section */

/* Begin PBXSourcesBuildPhase section */
		6C7CE919287E722900CADF95 /* Sources */ = {
			isa = PBXSourcesBuildPhase;
			buildActionMask = 2147483647;
			files = (
				6C3A2B29287FC9A2006A8DC7 /* Section.swift in Sources */,
				6CAA49AA2882DA170025D125 /* StyleDataSource.swift in Sources */,
				6C3A2B4828800FE5006A8DC7 /* CacheError.swift in Sources */,
				6CAA49A82882D9920025D125 /* BannerDataSource.swift in Sources */,
				6C7CE958287E8CCE00CADF95 /* ProductsEntity.swift in Sources */,
				6CAA49A22882CA9A0025D125 /* GridSectionDataSource.swift in Sources */,
				6C3A2B31287FC9BC006A8DC7 /* Banner.swift in Sources */,
				6C7CE951287E82D400CADF95 /* Requestable.swift in Sources */,
				6CAA49B12882EC4A0025D125 /* MainViewModel.swift in Sources */,
				6C7CE955287E854C00CADF95 /* BannerEntity.swift in Sources */,
				6C7CE94D287E827C00CADF95 /* NetworkManager.swift in Sources */,
				6C7CE925287E722900CADF95 /* MainViewController.swift in Sources */,
				6C3A2B4D2880316E006A8DC7 /* Int+extension.swift in Sources */,
				6C7CE953287E831700CADF95 /* NetworkError.swift in Sources */,
				6CAA499C2882C8EC0025D125 /* CustomObservable.swift in Sources */,
				6C7CE921287E722900CADF95 /* AppDelegate.swift in Sources */,
				6C7CE981287EBC8A00CADF95 /* StyleCell.swift in Sources */,
				6CAA49962882AC460025D125 /* FooterView.swift in Sources */,
				6C3A2B2D287FC9B6006A8DC7 /* Header.swift in Sources */,
				6C7CE964287E8D5000CADF95 /* GoodsEntity.swift in Sources */,
				6C7CE962287E8D3D00CADF95 /* StyleEntity.swift in Sources */,
				6CAA49982882BF910025D125 /* BannerPageView.swift in Sources */,
				6C3A2B42287FEF35006A8DC7 /* SectionType.swift in Sources */,
				6C7CE979287E9DA900CADF95 /* GoodsCell.swift in Sources */,
				6CAA49B328830AE80025D125 /* SubDataSource.swift in Sources */,
				6CAA499A2882C8570025D125 /* UICollectionView+extension.swift in Sources */,
				6C3A2B4628800E9F006A8DC7 /* ImageManager.swift in Sources */,
				6C7CE95C287E8D0300CADF95 /* HeaderEntity.swift in Sources */,
				6C3A2B3B287FD3DD006A8DC7 /* MusinsaEndPoint.swift in Sources */,
				6C7CE923287E722900CADF95 /* SceneDelegate.swift in Sources */,
				6CAA49A62882D9030025D125 /* ScrollDataSource.swift in Sources */,
				6C3A2B2F287FC9B9006A8DC7 /* Footer.swift in Sources */,
				6C3A2B3F287FEF02006A8DC7 /* CellModelable.swift in Sources */,
				6C3A2B35287FC9C7006A8DC7 /* Style.swift in Sources */,
				6C3A2B5128803EEF006A8DC7 /* HeaderView.swift in Sources */,
				6C7CE97B287EA19900CADF95 /* UILabel+extension.swift in Sources */,
				6C7CE95A287E8CE000CADF95 /* SectionEntity.swift in Sources */,
				6C7CE969287E8F5400CADF95 /* UIColor+extension.swift in Sources */,
				6C7CE960287E8D2E00CADF95 /* ContentsEntity.swift in Sources */,
				6C7CE96B287E903300CADF95 /* UIFont+extension.swift in Sources */,
				6C7CE95E287E8D2000CADF95 /* FooterEntity.swift in Sources */,
				6C3A2B44287FF559006A8DC7 /* Cellable.swift in Sources */,
				6C3A2B3D287FE25A006A8DC7 /* MainDataSource.swift in Sources */,
				6C3A2B33287FC9C3006A8DC7 /* Goods.swift in Sources */,
				6CAA49942882ABFE0025D125 /* PaddingLabel.swift in Sources */,
				6CAA49A42882D23C0025D125 /* Contents.swift in Sources */,
				6C7CE97F287EAFE700CADF95 /* BannerCell.swift in Sources */,
				6C3A2B37287FCA28006A8DC7 /* DomainConvertable.swift in Sources */,
			);
			runOnlyForDeploymentPostprocessing = 0;
		};
/* End PBXSourcesBuildPhase section */

/* Begin XCBuildConfiguration section */
		6C7CE92F287E722B00CADF95 /* Debug */ = {
			isa = XCBuildConfiguration;
			buildSettings = {
				ALWAYS_SEARCH_USER_PATHS = NO;
				CLANG_ANALYZER_NONNULL = YES;
				CLANG_ANALYZER_NUMBER_OBJECT_CONVERSION = YES_AGGRESSIVE;
				CLANG_CXX_LANGUAGE_STANDARD = "gnu++17";
				CLANG_ENABLE_MODULES = YES;
				CLANG_ENABLE_OBJC_ARC = YES;
				CLANG_ENABLE_OBJC_WEAK = YES;
				CLANG_WARN_BLOCK_CAPTURE_AUTORELEASING = YES;
				CLANG_WARN_BOOL_CONVERSION = YES;
				CLANG_WARN_COMMA = YES;
				CLANG_WARN_CONSTANT_CONVERSION = YES;
				CLANG_WARN_DEPRECATED_OBJC_IMPLEMENTATIONS = YES;
				CLANG_WARN_DIRECT_OBJC_ISA_USAGE = YES_ERROR;
				CLANG_WARN_DOCUMENTATION_COMMENTS = YES;
				CLANG_WARN_EMPTY_BODY = YES;
				CLANG_WARN_ENUM_CONVERSION = YES;
				CLANG_WARN_INFINITE_RECURSION = YES;
				CLANG_WARN_INT_CONVERSION = YES;
				CLANG_WARN_NON_LITERAL_NULL_CONVERSION = YES;
				CLANG_WARN_OBJC_IMPLICIT_RETAIN_SELF = YES;
				CLANG_WARN_OBJC_LITERAL_CONVERSION = YES;
				CLANG_WARN_OBJC_ROOT_CLASS = YES_ERROR;
				CLANG_WARN_QUOTED_INCLUDE_IN_FRAMEWORK_HEADER = YES;
				CLANG_WARN_RANGE_LOOP_ANALYSIS = YES;
				CLANG_WARN_STRICT_PROTOTYPES = YES;
				CLANG_WARN_SUSPICIOUS_MOVE = YES;
				CLANG_WARN_UNGUARDED_AVAILABILITY = YES_AGGRESSIVE;
				CLANG_WARN_UNREACHABLE_CODE = YES;
				CLANG_WARN__DUPLICATE_METHOD_MATCH = YES;
				COPY_PHASE_STRIP = NO;
				DEBUG_INFORMATION_FORMAT = dwarf;
				ENABLE_STRICT_OBJC_MSGSEND = YES;
				ENABLE_TESTABILITY = YES;
				GCC_C_LANGUAGE_STANDARD = gnu11;
				GCC_DYNAMIC_NO_PIC = NO;
				GCC_NO_COMMON_BLOCKS = YES;
				GCC_OPTIMIZATION_LEVEL = 0;
				GCC_PREPROCESSOR_DEFINITIONS = (
					"DEBUG=1",
					"$(inherited)",
				);
				GCC_WARN_64_TO_32_BIT_CONVERSION = YES;
				GCC_WARN_ABOUT_RETURN_TYPE = YES_ERROR;
				GCC_WARN_UNDECLARED_SELECTOR = YES;
				GCC_WARN_UNINITIALIZED_AUTOS = YES_AGGRESSIVE;
				GCC_WARN_UNUSED_FUNCTION = YES;
				GCC_WARN_UNUSED_VARIABLE = YES;
				IPHONEOS_DEPLOYMENT_TARGET = 15.5;
				MTL_ENABLE_DEBUG_INFO = INCLUDE_SOURCE;
				MTL_FAST_MATH = YES;
				ONLY_ACTIVE_ARCH = YES;
				SDKROOT = iphoneos;
				SWIFT_ACTIVE_COMPILATION_CONDITIONS = DEBUG;
				SWIFT_OPTIMIZATION_LEVEL = "-Onone";
			};
			name = Debug;
		};
		6C7CE930287E722B00CADF95 /* Release */ = {
			isa = XCBuildConfiguration;
			buildSettings = {
				ALWAYS_SEARCH_USER_PATHS = NO;
				CLANG_ANALYZER_NONNULL = YES;
				CLANG_ANALYZER_NUMBER_OBJECT_CONVERSION = YES_AGGRESSIVE;
				CLANG_CXX_LANGUAGE_STANDARD = "gnu++17";
				CLANG_ENABLE_MODULES = YES;
				CLANG_ENABLE_OBJC_ARC = YES;
				CLANG_ENABLE_OBJC_WEAK = YES;
				CLANG_WARN_BLOCK_CAPTURE_AUTORELEASING = YES;
				CLANG_WARN_BOOL_CONVERSION = YES;
				CLANG_WARN_COMMA = YES;
				CLANG_WARN_CONSTANT_CONVERSION = YES;
				CLANG_WARN_DEPRECATED_OBJC_IMPLEMENTATIONS = YES;
				CLANG_WARN_DIRECT_OBJC_ISA_USAGE = YES_ERROR;
				CLANG_WARN_DOCUMENTATION_COMMENTS = YES;
				CLANG_WARN_EMPTY_BODY = YES;
				CLANG_WARN_ENUM_CONVERSION = YES;
				CLANG_WARN_INFINITE_RECURSION = YES;
				CLANG_WARN_INT_CONVERSION = YES;
				CLANG_WARN_NON_LITERAL_NULL_CONVERSION = YES;
				CLANG_WARN_OBJC_IMPLICIT_RETAIN_SELF = YES;
				CLANG_WARN_OBJC_LITERAL_CONVERSION = YES;
				CLANG_WARN_OBJC_ROOT_CLASS = YES_ERROR;
				CLANG_WARN_QUOTED_INCLUDE_IN_FRAMEWORK_HEADER = YES;
				CLANG_WARN_RANGE_LOOP_ANALYSIS = YES;
				CLANG_WARN_STRICT_PROTOTYPES = YES;
				CLANG_WARN_SUSPICIOUS_MOVE = YES;
				CLANG_WARN_UNGUARDED_AVAILABILITY = YES_AGGRESSIVE;
				CLANG_WARN_UNREACHABLE_CODE = YES;
				CLANG_WARN__DUPLICATE_METHOD_MATCH = YES;
				COPY_PHASE_STRIP = NO;
				DEBUG_INFORMATION_FORMAT = "dwarf-with-dsym";
				ENABLE_NS_ASSERTIONS = NO;
				ENABLE_STRICT_OBJC_MSGSEND = YES;
				GCC_C_LANGUAGE_STANDARD = gnu11;
				GCC_NO_COMMON_BLOCKS = YES;
				GCC_WARN_64_TO_32_BIT_CONVERSION = YES;
				GCC_WARN_ABOUT_RETURN_TYPE = YES_ERROR;
				GCC_WARN_UNDECLARED_SELECTOR = YES;
				GCC_WARN_UNINITIALIZED_AUTOS = YES_AGGRESSIVE;
				GCC_WARN_UNUSED_FUNCTION = YES;
				GCC_WARN_UNUSED_VARIABLE = YES;
				IPHONEOS_DEPLOYMENT_TARGET = 15.5;
				MTL_ENABLE_DEBUG_INFO = NO;
				MTL_FAST_MATH = YES;
				SDKROOT = iphoneos;
				SWIFT_COMPILATION_MODE = wholemodule;
				SWIFT_OPTIMIZATION_LEVEL = "-O";
				VALIDATE_PRODUCT = YES;
			};
			name = Release;
		};
		6C7CE932287E722B00CADF95 /* Debug */ = {
			isa = XCBuildConfiguration;
			buildSettings = {
				ASSETCATALOG_COMPILER_APPICON_NAME = AppIcon;
				ASSETCATALOG_COMPILER_GLOBAL_ACCENT_COLOR_NAME = AccentColor;
				CODE_SIGN_STYLE = Automatic;
				CURRENT_PROJECT_VERSION = 1;
				DEVELOPMENT_TEAM = 8ZQU3Y88G8;
				GENERATE_INFOPLIST_FILE = YES;
				INFOPLIST_FILE = musinsa/Info.plist;
				INFOPLIST_KEY_UIApplicationSupportsIndirectInputEvents = YES;
				INFOPLIST_KEY_UILaunchStoryboardName = LaunchScreen;
				INFOPLIST_KEY_UISupportedInterfaceOrientations_iPad = "UIInterfaceOrientationPortrait UIInterfaceOrientationPortraitUpsideDown UIInterfaceOrientationLandscapeLeft UIInterfaceOrientationLandscapeRight";
				INFOPLIST_KEY_UISupportedInterfaceOrientations_iPhone = "UIInterfaceOrientationPortrait UIInterfaceOrientationLandscapeLeft UIInterfaceOrientationLandscapeRight";
				LD_RUNPATH_SEARCH_PATHS = (
					"$(inherited)",
					"@executable_path/Frameworks",
				);
				MARKETING_VERSION = 1.0;
				PRODUCT_BUNDLE_IDENTIFIER = com.musinsa;
				PRODUCT_NAME = "$(TARGET_NAME)";
				SWIFT_EMIT_LOC_STRINGS = YES;
				SWIFT_VERSION = 5.0;
				TARGETED_DEVICE_FAMILY = "1,2";
			};
			name = Debug;
		};
		6C7CE933287E722B00CADF95 /* Release */ = {
			isa = XCBuildConfiguration;
			buildSettings = {
				ASSETCATALOG_COMPILER_APPICON_NAME = AppIcon;
				ASSETCATALOG_COMPILER_GLOBAL_ACCENT_COLOR_NAME = AccentColor;
				CODE_SIGN_STYLE = Automatic;
				CURRENT_PROJECT_VERSION = 1;
				DEVELOPMENT_TEAM = 8ZQU3Y88G8;
				GENERATE_INFOPLIST_FILE = YES;
				INFOPLIST_FILE = musinsa/Info.plist;
				INFOPLIST_KEY_UIApplicationSupportsIndirectInputEvents = YES;
				INFOPLIST_KEY_UILaunchStoryboardName = LaunchScreen;
				INFOPLIST_KEY_UISupportedInterfaceOrientations_iPad = "UIInterfaceOrientationPortrait UIInterfaceOrientationPortraitUpsideDown UIInterfaceOrientationLandscapeLeft UIInterfaceOrientationLandscapeRight";
				INFOPLIST_KEY_UISupportedInterfaceOrientations_iPhone = "UIInterfaceOrientationPortrait UIInterfaceOrientationLandscapeLeft UIInterfaceOrientationLandscapeRight";
				LD_RUNPATH_SEARCH_PATHS = (
					"$(inherited)",
					"@executable_path/Frameworks",
				);
				MARKETING_VERSION = 1.0;
				PRODUCT_BUNDLE_IDENTIFIER = com.musinsa;
				PRODUCT_NAME = "$(TARGET_NAME)";
				SWIFT_EMIT_LOC_STRINGS = YES;
				SWIFT_VERSION = 5.0;
				TARGETED_DEVICE_FAMILY = "1,2";
			};
			name = Release;
		};
/* End XCBuildConfiguration section */

/* Begin XCConfigurationList section */
		6C7CE918287E722900CADF95 /* Build configuration list for PBXProject "musinsa" */ = {
			isa = XCConfigurationList;
			buildConfigurations = (
				6C7CE92F287E722B00CADF95 /* Debug */,
				6C7CE930287E722B00CADF95 /* Release */,
			);
			defaultConfigurationIsVisible = 0;
			defaultConfigurationName = Release;
		};
		6C7CE931287E722B00CADF95 /* Build configuration list for PBXNativeTarget "musinsa" */ = {
			isa = XCConfigurationList;
			buildConfigurations = (
				6C7CE932287E722B00CADF95 /* Debug */,
				6C7CE933287E722B00CADF95 /* Release */,
			);
			defaultConfigurationIsVisible = 0;
			defaultConfigurationName = Release;
		};
/* End XCConfigurationList section */

/* Begin XCRemoteSwiftPackageReference section */
		6C7CE93B287E739700CADF95 /* XCRemoteSwiftPackageReference "Alamofire" */ = {
			isa = XCRemoteSwiftPackageReference;
			repositoryURL = "https://github.com/Alamofire/Alamofire";
			requirement = {
				kind = upToNextMajorVersion;
				minimumVersion = 5.0.0;
			};
		};
		6C7CE93E287E73A400CADF95 /* XCRemoteSwiftPackageReference "SnapKit" */ = {
			isa = XCRemoteSwiftPackageReference;
			repositoryURL = "https://github.com/SnapKit/SnapKit";
			requirement = {
				kind = upToNextMajorVersion;
				minimumVersion = 5.0.0;
			};
		};
/* End XCRemoteSwiftPackageReference section */

/* Begin XCSwiftPackageProductDependency section */
		6C7CE93C287E739700CADF95 /* Alamofire */ = {
			isa = XCSwiftPackageProductDependency;
			package = 6C7CE93B287E739700CADF95 /* XCRemoteSwiftPackageReference "Alamofire" */;
			productName = Alamofire;
		};
		6C7CE93F287E73A400CADF95 /* SnapKit */ = {
			isa = XCSwiftPackageProductDependency;
			package = 6C7CE93E287E73A400CADF95 /* XCRemoteSwiftPackageReference "SnapKit" */;
			productName = SnapKit;
		};
/* End XCSwiftPackageProductDependency section */
	};
	rootObject = 6C7CE915287E722900CADF95 /* Project object */;
}
